
Microsoft Visual Studio Solution File, Format Version 12.00
# Visual Studio Version 16
VisualStudioVersion = 16.0.31321.278
MinimumVisualStudioVersion = 10.0.40219.1
Project("{9A19103F-16F7-4668-BE54-9A1E7A4F7556}") = "LibAvif.Net", "source\LibAvif.Net\LibAvif.Net.csproj", "{8C6131A4-8260-49D6-A2A0-B67085AD2A46}"
EndProject
Project("{2150E333-8FDC-42A3-9474-1A3956D46DE8}") = "Examples", "Examples", "{6264BF6E-4D3A-45B4-B4B6-FBD2A3BED8EF}"
EndProject
Project("{9A19103F-16F7-4668-BE54-9A1E7A4F7556}") = "Example.Decoding", "examples\Example.Decoding\Example.Decoding.csproj", "{60F7FC9B-0134-4EE4-94CA-A55005ABD9B4}"
EndProject
Global
	GlobalSection(SolutionConfigurationPlatforms) = preSolution
		Debug|Any CPU = Debug|Any CPU
		Release|Any CPU = Release|Any CPU
	EndGlobalSection
	GlobalSection(ProjectConfigurationPlatforms) = postSolution
		{8C6131A4-8260-49D6-A2A0-B67085AD2A46}.Debug|Any CPU.ActiveCfg = Debug|Any CPU
		{8C6131A4-8260-49D6-A2A0-B67085AD2A46}.Debug|Any CPU.Build.0 = Debug|Any CPU
		{8C6131A4-8260-49D6-A2A0-B67085AD2A46}.Release|Any CPU.ActiveCfg = Release|Any CPU
		{8C6131A4-8260-49D6-A2A0-B67085AD2A46}.Release|Any CPU.Build.0 = Release|Any CPU
		{60F7FC9B-0134-4EE4-94CA-A55005ABD9B4}.Debug|Any CPU.ActiveCfg = Debug|Any CPU
		{60F7FC9B-0134-4EE4-94CA-A55005ABD9B4}.Debug|Any CPU.Build.0 = Debug|Any CPU
		{60F7FC9B-0134-4EE4-94CA-A55005ABD9B4}.Release|Any CPU.ActiveCfg = Release|Any CPU
		{60F7FC9B-0134-4EE4-94CA-A55005ABD9B4}.Release|Any CPU.Build.0 = Release|Any CPU
	EndGlobalSection
	GlobalSection(SolutionProperties) = preSolution
		HideSolutionNode = FALSE
	EndGlobalSection
	GlobalSection(NestedProjects) = preSolution
		{60F7FC9B-0134-4EE4-94CA-A55005ABD9B4} = {6264BF6E-4D3A-45B4-B4B6-FBD2A3BED8EF}
	EndGlobalSection
	GlobalSection(ExtensibilityGlobals) = postSolution
		SolutionGuid = {27FEAB10-95D7-4730-821B-7C813D085668}
	EndGlobalSection
EndGlobal
